PODS:
  - FMDB (2.6.2):
    - FMDB/standard (= 2.6.2)
  - FMDB/standard (2.6.2)
  - HPManagedObjects (1.0.4):
    - HPManagedObjects/FMDB (= 1.0.4)
    - HPManagedObjects/Main (= 1.0.4)
  - HPManagedObjects/FMDB (1.0.4):
    - FMDB
    - HPManagedObjects/Main
  - HPManagedObjects/Main (1.0.4)

DEPENDENCIES:
  - HPManagedObjects (from `../`)

EXTERNAL SOURCES:
  HPManagedObjects:
    :path: "../"

SPEC CHECKSUMS:
  FMDB: 854a0341b4726e53276f2a8996f06f1b80f9259a
  HPManagedObjects: 421e23d7a79be15e9d7a40f3b5dd7915a8debe79

PODFILE CHECKSUM: a0f9294bc267f6b6623bb326a931602d798bc478

COCOAPODS: 1.1.1
