PODS:
  - FMDB (2.6.2):
    - FMDB/standard (= 2.6.2)
  - FMDB/standard (2.6.2)
  - HPManagedObjects (0.2.11):
    - FMDB

DEPENDENCIES:
  - HPManagedObjects (from `../`)

EXTERNAL SOURCES:
  HPManagedObjects:
    :path: "../"

SPEC CHECKSUMS:
  FMDB: 854a0341b4726e53276f2a8996f06f1b80f9259a
  HPManagedObjects: 0a78726124c481d89c5b6f65ef86d6dd1ca8a174

PODFILE CHECKSUM: a0f9294bc267f6b6623bb326a931602d798bc478

COCOAPODS: 1.2.1
