PODS:
  - FMDB (2.6.2):
    - FMDB/standard (= 2.6.2)
  - FMDB/standard (2.6.2)
  - HPManagedObjects (1.0.7):
    - HPManagedObjects/FMDB (= 1.0.7)
    - HPManagedObjects/Main (= 1.0.7)
  - HPManagedObjects/FMDB (1.0.7):
    - FMDB
    - HPManagedObjects/Main
  - HPManagedObjects/Main (1.0.7)

DEPENDENCIES:
  - HPManagedObjects (from `../`)

EXTERNAL SOURCES:
  HPManagedObjects:
    :path: "../"

SPEC CHECKSUMS:
  FMDB: 854a0341b4726e53276f2a8996f06f1b80f9259a
  HPManagedObjects: 418058264c32151a34c52ce00b0295b094ac4cb0

PODFILE CHECKSUM: a0f9294bc267f6b6623bb326a931602d798bc478

COCOAPODS: 1.1.1
